
Microsoft Visual Studio Solution File, Format Version 12.00
# Visual Studio Version 16
VisualStudioVersion = 16.0.28803.718
MinimumVisualStudioVersion = 10.0.40219.1
Project("{FAE04EC0-301F-11D3-BF4B-00C04F79EFBC}") = "gitlab", "gitlab\gitlab.csproj", "{EA0A29A4-215C-4D4D-9348-B8D6317EAD51}"
EndProject
Global
	GlobalSection(SolutionConfigurationPlatforms) = preSolution
		Debug|Any CPU = Debug|Any CPU
		Release|Any CPU = Release|Any CPU
	EndGlobalSection
	GlobalSection(ProjectConfigurationPlatforms) = postSolution
		{EA0A29A4-215C-4D4D-9348-B8D6317EAD51}.Debug|Any CPU.ActiveCfg = Debug|Any CPU
		{EA0A29A4-215C-4D4D-9348-B8D6317EAD51}.Debug|Any CPU.Build.0 = Debug|Any CPU
		{EA0A29A4-215C-4D4D-9348-B8D6317EAD51}.Release|Any CPU.ActiveCfg = Release|Any CPU
		{EA0A29A4-215C-4D4D-9348-B8D6317EAD51}.Release|Any CPU.Build.0 = Release|Any CPU
	EndGlobalSection
	GlobalSection(SolutionProperties) = preSolution
		HideSolutionNode = FALSE
	EndGlobalSection
	GlobalSection(ExtensibilityGlobals) = postSolution
		SolutionGuid = {41506B5A-F3D6-4B52-952D-D1D20901E22E}
	EndGlobalSection
EndGlobal
